// !$*UTF8*$!
{
	archiveVersion = 1;
	classes = {
	};
	objectVersion = 56;
	objects = {

/* Begin PBXBuildFile section */
		DBDBD66428D84FF9009B3141 /* _0220919AuthtestApp.swift in Sources */ = {isa = PBXBuildFile; fileRef = DBDBD66328D84FF9009B3141 /* _0220919AuthtestApp.swift */; };
		DBDBD66628D84FF9009B3141 /* ContentView.swift in Sources */ = {isa = PBXBuildFile; fileRef = DBDBD66528D84FF9009B3141 /* ContentView.swift */; };
		DBDBD66828D84FFB009B3141 /* Assets.xcassets in Resources */ = {isa = PBXBuildFile; fileRef = DBDBD66728D84FFB009B3141 /* Assets.xcassets */; };
		DBDBD66B28D84FFB009B3141 /* Preview Assets.xcassets in Resources */ = {isa = PBXBuildFile; fileRef = DBDBD66A28D84FFB009B3141 /* Preview Assets.xcassets */; };
		DBDBD67228D853CE009B3141 /* GoogleService-Info.plist in Resources */ = {isa = PBXBuildFile; fileRef = DBDBD67128D853CE009B3141 /* GoogleService-Info.plist */; };
		DBDBD67428D85576009B3141 /* SignUpView.swift in Sources */ = {isa = PBXBuildFile; fileRef = DBDBD67328D85576009B3141 /* SignUpView.swift */; };
		DBDBD67628D9ADF6009B3141 /* UserView.swift in Sources */ = {isa = PBXBuildFile; fileRef = DBDBD67528D9ADF6009B3141 /* UserView.swift */; };
		DBDBD67A28D9B335009B3141 /* UserInfo.swift in Sources */ = {isa = PBXBuildFile; fileRef = DBDBD67928D9B335009B3141 /* UserInfo.swift */; };
		DBDBD67E28DB0976009B3141 /* UserAuth.swift in Sources */ = {isa = PBXBuildFile; fileRef = DBDBD67D28DB0976009B3141 /* UserAuth.swift */; };
		E59415B61BAAFAD3CD4B971E /* Pods_20220919Authtest.framework in Frameworks */ = {isa = PBXBuildFile; fileRef = 532DBD41023E9C93DE81EEFE /* Pods_20220919Authtest.framework */; };
/* End PBXBuildFile section */

/* Begin PBXFileReference section */
		2173609309EC4F20D06BD55C /* Pods-20220919Authtest.debug.xcconfig */ = {isa = PBXFileReference; includeInIndex = 1; lastKnownFileType = text.xcconfig; name = "Pods-20220919Authtest.debug.xcconfig"; path = "Target Support Files/Pods-20220919Authtest/Pods-20220919Authtest.debug.xcconfig"; sourceTree = "<group>"; };
		532DBD41023E9C93DE81EEFE /* Pods_20220919Authtest.framework */ = {isa = PBXFileReference; explicitFileType = wrapper.framework; includeInIndex = 0; path = Pods_20220919Authtest.framework; sourceTree = BUILT_PRODUCTS_DIR; };
		650D8E6B004E695AB613DD73 /* Pods-20220919Authtest.release.xcconfig */ = {isa = PBXFileReference; includeInIndex = 1; lastKnownFileType = text.xcconfig; name = "Pods-20220919Authtest.release.xcconfig"; path = "Target Support Files/Pods-20220919Authtest/Pods-20220919Authtest.release.xcconfig"; sourceTree = "<group>"; };
		DBDBD66028D84FF9009B3141 /* 20220919Authtest.app */ = {isa = PBXFileReference; explicitFileType = wrapper.application; includeInIndex = 0; path = 20220919Authtest.app; sourceTree = BUILT_PRODUCTS_DIR; };
		DBDBD66328D84FF9009B3141 /* _0220919AuthtestApp.swift */ = {isa = PBXFileReference; lastKnownFileType = sourcecode.swift; path = _0220919AuthtestApp.swift; sourceTree = "<group>"; };
		DBDBD66528D84FF9009B3141 /* ContentView.swift */ = {isa = PBXFileReference; lastKnownFileType = sourcecode.swift; path = ContentView.swift; sourceTree = "<group>"; };
		DBDBD66728D84FFB009B3141 /* Assets.xcassets */ = {isa = PBXFileReference; lastKnownFileType = folder.assetcatalog; path = Assets.xcassets; sourceTree = "<group>"; };
		DBDBD66A28D84FFB009B3141 /* Preview Assets.xcassets */ = {isa = PBXFileReference; lastKnownFileType = folder.assetcatalog; path = "Preview Assets.xcassets"; sourceTree = "<group>"; };
		DBDBD67128D853CE009B3141 /* GoogleService-Info.plist */ = {isa = PBXFileReference; fileEncoding = 4; lastKnownFileType = text.plist.xml; path = "GoogleService-Info.plist"; sourceTree = "<group>"; };
		DBDBD67328D85576009B3141 /* SignUpView.swift */ = {isa = PBXFileReference; lastKnownFileType = sourcecode.swift; path = SignUpView.swift; sourceTree = "<group>"; };
		DBDBD67528D9ADF6009B3141 /* UserView.swift */ = {isa = PBXFileReference; lastKnownFileType = sourcecode.swift; path = UserView.swift; sourceTree = "<group>"; };
		DBDBD67928D9B335009B3141 /* UserInfo.swift */ = {isa = PBXFileReference; lastKnownFileType = sourcecode.swift; path = UserInfo.swift; sourceTree = "<group>"; };
		DBDBD67D28DB0976009B3141 /* UserAuth.swift */ = {isa = PBXFileReference; lastKnownFileType = sourcecode.swift; path = UserAuth.swift; sourceTree = "<group>"; };
/* End PBXFileReference section */

/* Begin PBXFrameworksBuildPhase section */
		DBDBD65D28D84FF9009B3141 /* Frameworks */ = {
			isa = PBXFrameworksBuildPhase;
			buildActionMask = 2147483647;
			files = (
				E59415B61BAAFAD3CD4B971E /* Pods_20220919Authtest.framework in Frameworks */,
			);
			runOnlyForDeploymentPostprocessing = 0;
		};
/* End PBXFrameworksBuildPhase section */

/* Begin PBXGroup section */
		73AEB4EC576E5EE0B5DB516C /* Frameworks */ = {
			isa = PBXGroup;
			children = (
				532DBD41023E9C93DE81EEFE /* Pods_20220919Authtest.framework */,
			);
			name = Frameworks;
			sourceTree = "<group>";
		};
		B3A37138E956C62CABCFAB21 /* Pods */ = {
			isa = PBXGroup;
			children = (
				2173609309EC4F20D06BD55C /* Pods-20220919Authtest.debug.xcconfig */,
				650D8E6B004E695AB613DD73 /* Pods-20220919Authtest.release.xcconfig */,
			);
			path = Pods;
			sourceTree = "<group>";
		};
		DBDBD65728D84FF9009B3141 = {
			isa = PBXGroup;
			children = (
				DBDBD66228D84FF9009B3141 /* 20220919Authtest */,
				DBDBD66128D84FF9009B3141 /* Products */,
				B3A37138E956C62CABCFAB21 /* Pods */,
				73AEB4EC576E5EE0B5DB516C /* Frameworks */,
			);
			sourceTree = "<group>";
		};
		DBDBD66128D84FF9009B3141 /* Products */ = {
			isa = PBXGroup;
			children = (
				DBDBD66028D84FF9009B3141 /* 20220919Authtest.app */,
			);
			name = Products;
			sourceTree = "<group>";
		};
		DBDBD66228D84FF9009B3141 /* 20220919Authtest */ = {
			isa = PBXGroup;
			children = (
				DBDBD66328D84FF9009B3141 /* _0220919AuthtestApp.swift */,
				DBDBD66528D84FF9009B3141 /* ContentView.swift */,
				DBDBD67328D85576009B3141 /* SignUpView.swift */,
				DBDBD67528D9ADF6009B3141 /* UserView.swift */,
				DBDBD67928D9B335009B3141 /* UserInfo.swift */,
				DBDBD67D28DB0976009B3141 /* UserAuth.swift */,
				DBDBD67128D853CE009B3141 /* GoogleService-Info.plist */,
				DBDBD66728D84FFB009B3141 /* Assets.xcassets */,
				DBDBD66928D84FFB009B3141 /* Preview Content */,
			);
			path = 20220919Authtest;
			sourceTree = "<group>";
		};
		DBDBD66928D84FFB009B3141 /* Preview Content */ = {
			isa = PBXGroup;
			children = (
				DBDBD66A28D84FFB009B3141 /* Preview Assets.xcassets */,
			);
			path = "Preview Content";
			sourceTree = "<group>";
		};
/* End PBXGroup section */

/* Begin PBXNativeTarget section */
		DBDBD65F28D84FF9009B3141 /* 20220919Authtest */ = {
			isa = PBXNativeTarget;
			buildConfigurationList = DBDBD66E28D84FFB009B3141 /* Build configuration list for PBXNativeTarget "20220919Authtest" */;
			buildPhases = (
				1EEDFE42386C3D6C73D10746 /* [CP] Check Pods Manifest.lock */,
				DBDBD65C28D84FF9009B3141 /* Sources */,
				DBDBD65D28D84FF9009B3141 /* Frameworks */,
				DBDBD65E28D84FF9009B3141 /* Resources */,
				DE9BB01B651230248DF431F6 /* [CP] Embed Pods Frameworks */,
			);
			buildRules = (
			);
			dependencies = (
			);
			name = 20220919Authtest;
			productName = 20220919Authtest;
			productReference = DBDBD66028D84FF9009B3141 /* 20220919Authtest.app */;
			productType = "com.apple.product-type.application";
		};
/* End PBXNativeTarget section */

/* Begin PBXProject section */
		DBDBD65828D84FF9009B3141 /* Project object */ = {
			isa = PBXProject;
			attributes = {
				BuildIndependentTargetsInParallel = 1;
				LastSwiftUpdateCheck = 1400;
				LastUpgradeCheck = 1400;
				TargetAttributes = {
					DBDBD65F28D84FF9009B3141 = {
						CreatedOnToolsVersion = 14.0;
					};
				};
			};
			buildConfigurationList = DBDBD65B28D84FF9009B3141 /* Build configuration list for PBXProject "20220919Authtest" */;
			compatibilityVersion = "Xcode 14.0";
			developmentRegion = en;
			hasScannedForEncodings = 0;
			knownRegions = (
				en,
				Base,
			);
			mainGroup = DBDBD65728D84FF9009B3141;
			productRefGroup = DBDBD66128D84FF9009B3141 /* Products */;
			projectDirPath = "";
			projectRoot = "";
			targets = (
				DBDBD65F28D84FF9009B3141 /* 20220919Authtest */,
			);
		};
/* End PBXProject section */

/* Begin PBXResourcesBuildPhase section */
		DBDBD65E28D84FF9009B3141 /* Resources */ = {
			isa = PBXResourcesBuildPhase;
			buildActionMask = 2147483647;
			files = (
				DBDBD66B28D84FFB009B3141 /* Preview Assets.xcassets in Resources */,
				DBDBD66828D84FFB009B3141 /* Assets.xcassets in Resources */,
				DBDBD67228D853CE009B3141 /* GoogleService-Info.plist in Resources */,
			);
			runOnlyForDeploymentPostprocessing = 0;
		};
/* End PBXResourcesBuildPhase section */

/* Begin PBXShellScriptBuildPhase section */
		1EEDFE42386C3D6C73D10746 /* [CP] Check Pods Manifest.lock */ = {
			isa = PBXShellScriptBuildPhase;
			buildActionMask = 2147483647;
			files = (
			);
			inputFileListPaths = (
			);
			inputPaths = (
				"${PODS_PODFILE_DIR_PATH}/Podfile.lock",
				"${PODS_ROOT}/Manifest.lock",
			);
			name = "[CP] Check Pods Manifest.lock";
			outputFileListPaths = (
			);
			outputPaths = (
				"$(DERIVED_FILE_DIR)/Pods-20220919Authtest-checkManifestLockResult.txt",
			);
			runOnlyForDeploymentPostprocessing = 0;
			shellPath = /bin/sh;
			shellScript = "diff \"${PODS_PODFILE_DIR_PATH}/Podfile.lock\" \"${PODS_ROOT}/Manifest.lock\" > /dev/null\nif [ $? != 0 ] ; then\n    # print error to STDERR\n    echo \"error: The sandbox is not in sync with the Podfile.lock. Run 'pod install' or update your CocoaPods installation.\" >&2\n    exit 1\nfi\n# This output is used by Xcode 'outputs' to avoid re-running this script phase.\necho \"SUCCESS\" > \"${SCRIPT_OUTPUT_FILE_0}\"\n";
			showEnvVarsInLog = 0;
		};
		DE9BB01B651230248DF431F6 /* [CP] Embed Pods Frameworks */ = {
			isa = PBXShellScriptBuildPhase;
			buildActionMask = 2147483647;
			files = (
			);
			inputFileListPaths = (
				"${PODS_ROOT}/Target Support Files/Pods-20220919Authtest/Pods-20220919Authtest-frameworks-${CONFIGURATION}-input-files.xcfilelist",
			);
			name = "[CP] Embed Pods Frameworks";
			outputFileListPaths = (
				"${PODS_ROOT}/Target Support Files/Pods-20220919Authtest/Pods-20220919Authtest-frameworks-${CONFIGURATION}-output-files.xcfilelist",
			);
			runOnlyForDeploymentPostprocessing = 0;
			shellPath = /bin/sh;
			shellScript = "\"${PODS_ROOT}/Target Support Files/Pods-20220919Authtest/Pods-20220919Authtest-frameworks.sh\"\n";
			showEnvVarsInLog = 0;
		};
/* End PBXShellScriptBuildPhase section */

/* Begin PBXSourcesBuildPhase section */
		DBDBD65C28D84FF9009B3141 /* Sources */ = {
			isa = PBXSourcesBuildPhase;
			buildActionMask = 2147483647;
			files = (
				DBDBD67E28DB0976009B3141 /* UserAuth.swift in Sources */,
				DBDBD66628D84FF9009B3141 /* ContentView.swift in Sources */,
				DBDBD67A28D9B335009B3141 /* UserInfo.swift in Sources */,
				DBDBD67428D85576009B3141 /* SignUpView.swift in Sources */,
				DBDBD66428D84FF9009B3141 /* _0220919AuthtestApp.swift in Sources */,
				DBDBD67628D9ADF6009B3141 /* UserView.swift in Sources */,
			);
			runOnlyForDeploymentPostprocessing = 0;
		};
/* End PBXSourcesBuildPhase section */

/* Begin XCBuildConfiguration section */
		DBDBD66C28D84FFB009B3141 /* Debug */ = {
			isa = XCBuildConfiguration;
			buildSettings = {
				ALWAYS_SEARCH_USER_PATHS = NO;
				CLANG_ANALYZER_NONNULL = YES;
				CLANG_ANALYZER_NUMBER_OBJECT_CONVERSION = YES_AGGRESSIVE;
				CLANG_CXX_LANGUAGE_STANDARD = "gnu++20";
				CLANG_ENABLE_MODULES = YES;
				CLANG_ENABLE_OBJC_ARC = YES;
				CLANG_ENABLE_OBJC_WEAK = YES;
				CLANG_WARN_BLOCK_CAPTURE_AUTORELEASING = YES;
				CLANG_WARN_BOOL_CONVERSION = YES;
				CLANG_WARN_COMMA = YES;
				CLANG_WARN_CONSTANT_CONVERSION = YES;
				CLANG_WARN_DEPRECATED_OBJC_IMPLEMENTATIONS = YES;
				CLANG_WARN_DIRECT_OBJC_ISA_USAGE = YES_ERROR;
				CLANG_WARN_DOCUMENTATION_COMMENTS = YES;
				CLANG_WARN_EMPTY_BODY = YES;
				CLANG_WARN_ENUM_CONVERSION = YES;
				CLANG_WARN_INFINITE_RECURSION = YES;
				CLANG_WARN_INT_CONVERSION = YES;
				CLANG_WARN_NON_LITERAL_NULL_CONVERSION = YES;
				CLANG_WARN_OBJC_IMPLICIT_RETAIN_SELF = YES;
				CLANG_WARN_OBJC_LITERAL_CONVERSION = YES;
				CLANG_WARN_OBJC_ROOT_CLASS = YES_ERROR;
				CLANG_WARN_QUOTED_INCLUDE_IN_FRAMEWORK_HEADER = YES;
				CLANG_WARN_RANGE_LOOP_ANALYSIS = YES;
				CLANG_WARN_STRICT_PROTOTYPES = YES;
				CLANG_WARN_SUSPICIOUS_MOVE = YES;
				CLANG_WARN_UNGUARDED_AVAILABILITY = YES_AGGRESSIVE;
				CLANG_WARN_UNREACHABLE_CODE = YES;
				CLANG_WARN__DUPLICATE_METHOD_MATCH = YES;
				COPY_PHASE_STRIP = NO;
				DEBUG_INFORMATION_FORMAT = dwarf;
				ENABLE_STRICT_OBJC_MSGSEND = YES;
				ENABLE_TESTABILITY = YES;
				GCC_C_LANGUAGE_STANDARD = gnu11;
				GCC_DYNAMIC_NO_PIC = NO;
				GCC_NO_COMMON_BLOCKS = YES;
				GCC_OPTIMIZATION_LEVEL = 0;
				GCC_PREPROCESSOR_DEFINITIONS = (
					"DEBUG=1",
					"$(inherited)",
				);
				GCC_WARN_64_TO_32_BIT_CONVERSION = YES;
				GCC_WARN_ABOUT_RETURN_TYPE = YES_ERROR;
				GCC_WARN_UNDECLARED_SELECTOR = YES;
				GCC_WARN_UNINITIALIZED_AUTOS = YES_AGGRESSIVE;
				GCC_WARN_UNUSED_FUNCTION = YES;
				GCC_WARN_UNUSED_VARIABLE = YES;
				IPHONEOS_DEPLOYMENT_TARGET = 16.0;
				MTL_ENABLE_DEBUG_INFO = INCLUDE_SOURCE;
				MTL_FAST_MATH = YES;
				ONLY_ACTIVE_ARCH = YES;
				SDKROOT = iphoneos;
				SWIFT_ACTIVE_COMPILATION_CONDITIONS = DEBUG;
				SWIFT_OPTIMIZATION_LEVEL = "-Onone";
			};
			name = Debug;
		};
		DBDBD66D28D84FFB009B3141 /* Release */ = {
			isa = XCBuildConfiguration;
			buildSettings = {
				ALWAYS_SEARCH_USER_PATHS = NO;
				CLANG_ANALYZER_NONNULL = YES;
				CLANG_ANALYZER_NUMBER_OBJECT_CONVERSION = YES_AGGRESSIVE;
				CLANG_CXX_LANGUAGE_STANDARD = "gnu++20";
				CLANG_ENABLE_MODULES = YES;
				CLANG_ENABLE_OBJC_ARC = YES;
				CLANG_ENABLE_OBJC_WEAK = YES;
				CLANG_WARN_BLOCK_CAPTURE_AUTORELEASING = YES;
				CLANG_WARN_BOOL_CONVERSION = YES;
				CLANG_WARN_COMMA = YES;
				CLANG_WARN_CONSTANT_CONVERSION = YES;
				CLANG_WARN_DEPRECATED_OBJC_IMPLEMENTATIONS = YES;
				CLANG_WARN_DIRECT_OBJC_ISA_USAGE = YES_ERROR;
				CLANG_WARN_DOCUMENTATION_COMMENTS = YES;
				CLANG_WARN_EMPTY_BODY = YES;
				CLANG_WARN_ENUM_CONVERSION = YES;
				CLANG_WARN_INFINITE_RECURSION = YES;
				CLANG_WARN_INT_CONVERSION = YES;
				CLANG_WARN_NON_LITERAL_NULL_CONVERSION = YES;
				CLANG_WARN_OBJC_IMPLICIT_RETAIN_SELF = YES;
				CLANG_WARN_OBJC_LITERAL_CONVERSION = YES;
				CLANG_WARN_OBJC_ROOT_CLASS = YES_ERROR;
				CLANG_WARN_QUOTED_INCLUDE_IN_FRAMEWORK_HEADER = YES;
				CLANG_WARN_RANGE_LOOP_ANALYSIS = YES;
				CLANG_WARN_STRICT_PROTOTYPES = YES;
				CLANG_WARN_SUSPICIOUS_MOVE = YES;
				CLANG_WARN_UNGUARDED_AVAILABILITY = YES_AGGRESSIVE;
				CLANG_WARN_UNREACHABLE_CODE = YES;
				CLANG_WARN__DUPLICATE_METHOD_MATCH = YES;
				COPY_PHASE_STRIP = NO;
				DEBUG_INFORMATION_FORMAT = "dwarf-with-dsym";
				ENABLE_NS_ASSERTIONS = NO;
				ENABLE_STRICT_OBJC_MSGSEND = YES;
				GCC_C_LANGUAGE_STANDARD = gnu11;
				GCC_NO_COMMON_BLOCKS = YES;
				GCC_WARN_64_TO_32_BIT_CONVERSION = YES;
				GCC_WARN_ABOUT_RETURN_TYPE = YES_ERROR;
				GCC_WARN_UNDECLARED_SELECTOR = YES;
				GCC_WARN_UNINITIALIZED_AUTOS = YES_AGGRESSIVE;
				GCC_WARN_UNUSED_FUNCTION = YES;
				GCC_WARN_UNUSED_VARIABLE = YES;
				IPHONEOS_DEPLOYMENT_TARGET = 16.0;
				MTL_ENABLE_DEBUG_INFO = NO;
				MTL_FAST_MATH = YES;
				SDKROOT = iphoneos;
				SWIFT_COMPILATION_MODE = wholemodule;
				SWIFT_OPTIMIZATION_LEVEL = "-O";
				VALIDATE_PRODUCT = YES;
			};
			name = Release;
		};
		DBDBD66F28D84FFB009B3141 /* Debug */ = {
			isa = XCBuildConfiguration;
			baseConfigurationReference = 2173609309EC4F20D06BD55C /* Pods-20220919Authtest.debug.xcconfig */;
			buildSettings = {
				ASSETCATALOG_COMPILER_APPICON_NAME = AppIcon;
				ASSETCATALOG_COMPILER_GLOBAL_ACCENT_COLOR_NAME = AccentColor;
				CODE_SIGN_STYLE = Automatic;
				CURRENT_PROJECT_VERSION = 1;
				DEVELOPMENT_ASSET_PATHS = "\"20220919Authtest/Preview Content\"";
				DEVELOPMENT_TEAM = 6P2B648VY6;
				ENABLE_PREVIEWS = YES;
				GENERATE_INFOPLIST_FILE = YES;
				INFOPLIST_KEY_UIApplicationSceneManifest_Generation = YES;
				INFOPLIST_KEY_UIApplicationSupportsIndirectInputEvents = YES;
				INFOPLIST_KEY_UILaunchScreen_Generation = YES;
				INFOPLIST_KEY_UISupportedInterfaceOrientations_iPad = "UIInterfaceOrientationPortrait UIInterfaceOrientationPortraitUpsideDown UIInterfaceOrientationLandscapeLeft UIInterfaceOrientationLandscapeRight";
				INFOPLIST_KEY_UISupportedInterfaceOrientations_iPhone = "UIInterfaceOrientationPortrait UIInterfaceOrientationLandscapeLeft UIInterfaceOrientationLandscapeRight";
				LD_RUNPATH_SEARCH_PATHS = (
					"$(inherited)",
					"@executable_path/Frameworks",
				);
				MARKETING_VERSION = 1.0;
				PRODUCT_BUNDLE_IDENTIFIER = "ayumu.-0220919Authtest";
				PRODUCT_NAME = "$(TARGET_NAME)";
				SWIFT_EMIT_LOC_STRINGS = YES;
				SWIFT_VERSION = 5.0;
				TARGETED_DEVICE_FAMILY = "1,2";
			};
			name = Debug;
		};
		DBDBD67028D84FFB009B3141 /* Release */ = {
			isa = XCBuildConfiguration;
			baseConfigurationReference = 650D8E6B004E695AB613DD73 /* Pods-20220919Authtest.release.xcconfig */;
			buildSettings = {
				ASSETCATALOG_COMPILER_APPICON_NAME = AppIcon;
				ASSETCATALOG_COMPILER_GLOBAL_ACCENT_COLOR_NAME = AccentColor;
				CODE_SIGN_STYLE = Automatic;
				CURRENT_PROJECT_VERSION = 1;
				DEVELOPMENT_ASSET_PATHS = "\"20220919Authtest/Preview Content\"";
				DEVELOPMENT_TEAM = 6P2B648VY6;
				ENABLE_PREVIEWS = YES;
				GENERATE_INFOPLIST_FILE = YES;
				INFOPLIST_KEY_UIApplicationSceneManifest_Generation = YES;
				INFOPLIST_KEY_UIApplicationSupportsIndirectInputEvents = YES;
				INFOPLIST_KEY_UILaunchScreen_Generation = YES;
				INFOPLIST_KEY_UISupportedInterfaceOrientations_iPad = "UIInterfaceOrientationPortrait UIInterfaceOrientationPortraitUpsideDown UIInterfaceOrientationLandscapeLeft UIInterfaceOrientationLandscapeRight";
				INFOPLIST_KEY_UISupportedInterfaceOrientations_iPhone = "UIInterfaceOrientationPortrait UIInterfaceOrientationLandscapeLeft UIInterfaceOrientationLandscapeRight";
				LD_RUNPATH_SEARCH_PATHS = (
					"$(inherited)",
					"@executable_path/Frameworks",
				);
				MARKETING_VERSION = 1.0;
				PRODUCT_BUNDLE_IDENTIFIER = "ayumu.-0220919Authtest";
				PRODUCT_NAME = "$(TARGET_NAME)";
				SWIFT_EMIT_LOC_STRINGS = YES;
				SWIFT_VERSION = 5.0;
				TARGETED_DEVICE_FAMILY = "1,2";
			};
			name = Release;
		};
/* End XCBuildConfiguration section */

/* Begin XCConfigurationList section */
		DBDBD65B28D84FF9009B3141 /* Build configuration list for PBXProject "20220919Authtest" */ = {
			isa = XCConfigurationList;
			buildConfigurations = (
				DBDBD66C28D84FFB009B3141 /* Debug */,
				DBDBD66D28D84FFB009B3141 /* Release */,
			);
			defaultConfigurationIsVisible = 0;
			defaultConfigurationName = Release;
		};
		DBDBD66E28D84FFB009B3141 /* Build configuration list for PBXNativeTarget "20220919Authtest" */ = {
			isa = XCConfigurationList;
			buildConfigurations = (
				DBDBD66F28D84FFB009B3141 /* Debug */,
				DBDBD67028D84FFB009B3141 /* Release */,
			);
			defaultConfigurationIsVisible = 0;
			defaultConfigurationName = Release;
		};
/* End XCConfigurationList section */
	};
	rootObject = DBDBD65828D84FF9009B3141 /* Project object */;
}
